// !$*UTF8*$!
{
	archiveVersion = 1;
	classes = {
	};
	objectVersion = 77;
	objects = {

/* Begin PBXBuildFile section */
		931DBEBE2F6234B000B7CA0C /* README.md in Resources */ = {isa = PBXBuildFile; fileRef = 931DBEBD2F6234B000B7CA0C /* README.md */; };
/* End PBXBuildFile section */

/* Begin PBXContainerItemProxy section */
		931DBE842F62249B00B7CA0C /* PBXContainerItemProxy */ = {
			isa = PBXContainerItemProxy;
			containerPortal = 931DBE6E2F62249A00B7CA0C /* Project object */;
			proxyType = 1;
			remoteGlobalIDString = 931DBE752F62249A00B7CA0C;
			remoteInfo = MiHorno3;
		};
		931DBE8E2F62249B00B7CA0C /* PBXContainerItemProxy */ = {
			isa = PBXContainerItemProxy;
			containerPortal = 931DBE6E2F62249A00B7CA0C /* Project object */;
			proxyType = 1;
			remoteGlobalIDString = 931DBE752F62249A00B7CA0C;
			remoteInfo = MiHorno3;
		};
/* End PBXContainerItemProxy section */

/* Begin PBXFileReference section */
		931DBE762F62249A00B7CA0C /* MiHorno3.app */ = {isa = PBXFileReference; explicitFileType = wrapper.application; includeInIndex = 0; path = MiHorno3.app; sourceTree = BUILT_PRODUCTS_DIR; };
		931DBE832F62249B00B7CA0C /* MiHorno3Tests.xctest */ = {isa = PBXFileReference; explicitFileType = wrapper.cfbundle; includeInIndex = 0; path = MiHorno3Tests.xctest; sourceTree = BUILT_PRODUCTS_DIR; };
		931DBE8D2F62249B00B7CA0C /* MiHorno3UITests.xctest */ = {isa = PBXFileReference; explicitFileType = wrapper.cfbundle; includeInIndex = 0; path = MiHorno3UITests.xctest; sourceTree = BUILT_PRODUCTS_DIR; };
		931DBEBD2F6234B000B7CA0C /* README.md */ = {isa = PBXFileReference; lastKnownFileType = net.daringfireball.markdown; path = README.md; sourceTree = "<group>"; };
/* End PBXFileReference section */

/* Begin PBXFileSystemSynchronizedRootGroup section */
		931DBE782F62249A00B7CA0C /* MiHorno3 */ = {
			isa = PBXFileSystemSynchronizedRootGroup;
			path = MiHorno3;
			sourceTree = "<group>";
		};
		931DBE862F62249B00B7CA0C /* MiHorno3Tests */ = {
			isa = PBXFileSystemSynchronizedRootGroup;
			path = MiHorno3Tests;
			sourceTree = "<group>";
		};
		931DBE902F62249B00B7CA0C /* MiHorno3UITests */ = {
			isa = PBXFileSystemSynchronizedRootGroup;
			path = MiHorno3UITests;
			sourceTree = "<group>";
		};
		931DBEA12F6224B500B7CA0C /* App */ = {
			isa = PBXFileSystemSynchronizedRootGroup;
			path = App;
			sourceTree = "<group>";
		};
		931DBEA32F6224D100B7CA0C /* Models */ = {
			isa = PBXFileSystemSynchronizedRootGroup;
			path = Models;
			sourceTree = "<group>";
		};
		931DBEA52F6224F000B7CA0C /* Views */ = {
			isa = PBXFileSystemSynchronizedRootGroup;
			path = Views;
			sourceTree = "<group>";
		};
		931DBEA62F6224FC00B7CA0C /* ViewModels */ = {
			isa = PBXFileSystemSynchronizedRootGroup;
			path = ViewModels;
			sourceTree = "<group>";
		};
		931DBEA82F62250B00B7CA0C /* Services */ = {
			isa = PBXFileSystemSynchronizedRootGroup;
			path = Services;
			sourceTree = "<group>";
		};
		931DBEAA2F62251600B7CA0C /* Networking */ = {
			isa = PBXFileSystemSynchronizedRootGroup;
			path = Networking;
			sourceTree = "<group>";
		};
		931DBEAB2F62252400B7CA0C /* ARComponents */ = {
			isa = PBXFileSystemSynchronizedRootGroup;
			path = ARComponents;
			sourceTree = "<group>";
		};
		931DBEAC2F62253200B7CA0C /* Resources */ = {
			isa = PBXFileSystemSynchronizedRootGroup;
			path = Resources;
			sourceTree = "<group>";
		};
/* End PBXFileSystemSynchronizedRootGroup section */

/* Begin PBXFrameworksBuildPhase section */
		931DBE732F62249A00B7CA0C /* Frameworks */ = {
			isa = PBXFrameworksBuildPhase;
			buildActionMask = 2147483647;
			files = (
			);
			runOnlyForDeploymentPostprocessing = 0;
		};
		931DBE802F62249B00B7CA0C /* Frameworks */ = {
			isa = PBXFrameworksBuildPhase;
			buildActionMask = 2147483647;
			files = (
			);
			runOnlyForDeploymentPostprocessing = 0;
		};
		931DBE8A2F62249B00B7CA0C /* Frameworks */ = {
			isa = PBXFrameworksBuildPhase;
			buildActionMask = 2147483647;
			files = (
			);
			runOnlyForDeploymentPostprocessing = 0;
		};
/* End PBXFrameworksBuildPhase section */

/* Begin PBXGroup section */
		931DBE6D2F62249A00B7CA0C = {
			isa = PBXGroup;
			children = (
				931DBEBD2F6234B000B7CA0C /* README.md */,
				931DBEAC2F62253200B7CA0C /* Resources */,
				931DBEAB2F62252400B7CA0C /* ARComponents */,
				931DBEA52F6224F000B7CA0C /* Views */,
				931DBEA62F6224FC00B7CA0C /* ViewModels */,
				931DBE782F62249A00B7CA0C /* MiHorno3 */,
				931DBE862F62249B00B7CA0C /* MiHorno3Tests */,
				931DBE902F62249B00B7CA0C /* MiHorno3UITests */,
				931DBE772F62249A00B7CA0C /* Products */,
				931DBEA12F6224B500B7CA0C /* App */,
				931DBEA32F6224D100B7CA0C /* Models */,
				931DBEA82F62250B00B7CA0C /* Services */,
				931DBEAA2F62251600B7CA0C /* Networking */,
			);
			sourceTree = "<group>";
		};
		931DBE772F62249A00B7CA0C /* Products */ = {
			isa = PBXGroup;
			children = (
				931DBE762F62249A00B7CA0C /* MiHorno3.app */,
				931DBE832F62249B00B7CA0C /* MiHorno3Tests.xctest */,
				931DBE8D2F62249B00B7CA0C /* MiHorno3UITests.xctest */,
			);
			name = Products;
			sourceTree = "<group>";
		};
/* End PBXGroup section */

/* Begin PBXNativeTarget section */
		931DBE752F62249A00B7CA0C /* MiHorno3 */ = {
			isa = PBXNativeTarget;
			buildConfigurationList = 931DBE972F62249B00B7CA0C /* Build configuration list for PBXNativeTarget "MiHorno3" */;
			buildPhases = (
				931DBE722F62249A00B7CA0C /* Sources */,
				931DBE732F62249A00B7CA0C /* Frameworks */,
				931DBE742F62249A00B7CA0C /* Resources */,
			);
			buildRules = (
			);
			dependencies = (
			);
			fileSystemSynchronizedGroups = (
				931DBE782F62249A00B7CA0C /* MiHorno3 */,
				931DBEA12F6224B500B7CA0C /* App */,
				931DBEA32F6224D100B7CA0C /* Models */,
				931DBEA52F6224F000B7CA0C /* Views */,
				931DBEA62F6224FC00B7CA0C /* ViewModels */,
				931DBEA82F62250B00B7CA0C /* Services */,
				931DBEAA2F62251600B7CA0C /* Networking */,
				931DBEAB2F62252400B7CA0C /* ARComponents */,
				931DBEAC2F62253200B7CA0C /* Resources */,
			);
			name = MiHorno3;
			packageProductDependencies = (
			);
			productName = MiHorno3;
			productReference = 931DBE762F62249A00B7CA0C /* MiHorno3.app */;
			productType = "com.apple.product-type.application";
		};
		931DBE822F62249B00B7CA0C /* MiHorno3Tests */ = {
			isa = PBXNativeTarget;
			buildConfigurationList = 931DBE9A2F62249B00B7CA0C /* Build configuration list for PBXNativeTarget "MiHorno3Tests" */;
			buildPhases = (
				931DBE7F2F62249B00B7CA0C /* Sources */,
				931DBE802F62249B00B7CA0C /* Frameworks */,
				931DBE812F62249B00B7CA0C /* Resources */,
			);
			buildRules = (
			);
			dependencies = (
				931DBE852F62249B00B7CA0C /* PBXTargetDependency */,
			);
			fileSystemSynchronizedGroups = (
				931DBE862F62249B00B7CA0C /* MiHorno3Tests */,
			);
			name = MiHorno3Tests;
			packageProductDependencies = (
			);
			productName = MiHorno3Tests;
			productReference = 931DBE832F62249B00B7CA0C /* MiHorno3Tests.xctest */;
			productType = "com.apple.product-type.bundle.unit-test";
		};
		931DBE8C2F62249B00B7CA0C /* MiHorno3UITests */ = {
			isa = PBXNativeTarget;
			buildConfigurationList = 931DBE9D2F62249B00B7CA0C /* Build configuration list for PBXNativeTarget "MiHorno3UITests" */;
			buildPhases = (
				931DBE892F62249B00B7CA0C /* Sources */,
				931DBE8A2F62249B00B7CA0C /* Frameworks */,
				931DBE8B2F62249B00B7CA0C /* Resources */,
			);
			buildRules = (
			);
			dependencies = (
				931DBE8F2F62249B00B7CA0C /* PBXTargetDependency */,
			);
			fileSystemSynchronizedGroups = (
				931DBE902F62249B00B7CA0C /* MiHorno3UITests */,
			);
			name = MiHorno3UITests;
			packageProductDependencies = (
			);
			productName = MiHorno3UITests;
			productReference = 931DBE8D2F62249B00B7CA0C /* MiHorno3UITests.xctest */;
			productType = "com.apple.product-type.bundle.ui-testing";
		};
/* End PBXNativeTarget section */

/* Begin PBXProject section */
		931DBE6E2F62249A00B7CA0C /* Project object */ = {
			isa = PBXProject;
			attributes = {
				BuildIndependentTargetsInParallel = 1;
				LastSwiftUpdateCheck = 2630;
				LastUpgradeCheck = 2630;
				TargetAttributes = {
					931DBE752F62249A00B7CA0C = {
						CreatedOnToolsVersion = 26.3;
					};
					931DBE822F62249B00B7CA0C = {
						CreatedOnToolsVersion = 26.3;
						TestTargetID = 931DBE752F62249A00B7CA0C;
					};
					931DBE8C2F62249B00B7CA0C = {
						CreatedOnToolsVersion = 26.3;
						TestTargetID = 931DBE752F62249A00B7CA0C;
					};
				};
			};
			buildConfigurationList = 931DBE712F62249A00B7CA0C /* Build configuration list for PBXProject "MiHorno3" */;
			developmentRegion = en;
			hasScannedForEncodings = 0;
			knownRegions = (
				en,
				Base,
			);
			mainGroup = 931DBE6D2F62249A00B7CA0C;
			minimizedProjectReferenceProxies = 1;
			preferredProjectObjectVersion = 77;
			productRefGroup = 931DBE772F62249A00B7CA0C /* Products */;
			projectDirPath = "";
			projectRoot = "";
			targets = (
				931DBE752F62249A00B7CA0C /* MiHorno3 */,
				931DBE822F62249B00B7CA0C /* MiHorno3Tests */,
				931DBE8C2F62249B00B7CA0C /* MiHorno3UITests */,
			);
		};
/* End PBXProject section */

/* Begin PBXResourcesBuildPhase section */
		931DBE742F62249A00B7CA0C /* Resources */ = {
			isa = PBXResourcesBuildPhase;
			buildActionMask = 2147483647;
			files = (
				931DBEBE2F6234B000B7CA0C /* README.md in Resources */,
			);
			runOnlyForDeploymentPostprocessing = 0;
		};
		931DBE812F62249B00B7CA0C /* Resources */ = {
			isa = PBXResourcesBuildPhase;
			buildActionMask = 2147483647;
			files = (
			);
			runOnlyForDeploymentPostprocessing = 0;
		};
		931DBE8B2F62249B00B7CA0C /* Resources */ = {
			isa = PBXResourcesBuildPhase;
			buildActionMask = 2147483647;
			files = (
			);
			runOnlyForDeploymentPostprocessing = 0;
		};
/* End PBXResourcesBuildPhase section */

/* Begin PBXSourcesBuildPhase section */
		931DBE722F62249A00B7CA0C /* Sources */ = {
			isa = PBXSourcesBuildPhase;
			buildActionMask = 2147483647;
			files = (
			);
			runOnlyForDeploymentPostprocessing = 0;
		};
		931DBE7F2F62249B00B7CA0C /* Sources */ = {
			isa = PBXSourcesBuildPhase;
			buildActionMask = 2147483647;
			files = (
			);
			runOnlyForDeploymentPostprocessing = 0;
		};
		931DBE892F62249B00B7CA0C /* Sources */ = {
			isa = PBXSourcesBuildPhase;
			buildActionMask = 2147483647;
			files = (
			);
			runOnlyForDeploymentPostprocessing = 0;
		};
/* End PBXSourcesBuildPhase section */

/* Begin PBXTargetDependency section */
		931DBE852F62249B00B7CA0C /* PBXTargetDependency */ = {
			isa = PBXTargetDependency;
			target = 931DBE752F62249A00B7CA0C /* MiHorno3 */;
			targetProxy = 931DBE842F62249B00B7CA0C /* PBXContainerItemProxy */;
		};
		931DBE8F2F62249B00B7CA0C /* PBXTargetDependency */ = {
			isa = PBXTargetDependency;
			target = 931DBE752F62249A00B7CA0C /* MiHorno3 */;
			targetProxy = 931DBE8E2F62249B00B7CA0C /* PBXContainerItemProxy */;
		};
/* End PBXTargetDependency section */

/* Begin XCBuildConfiguration section */
		931DBE952F62249B00B7CA0C /* Debug */ = {
			isa = XCBuildConfiguration;
			buildSettings = {
				ALWAYS_SEARCH_USER_PATHS = NO;
				ASSETCATALOG_COMPILER_GENERATE_SWIFT_ASSET_SYMBOL_EXTENSIONS = YES;
				CLANG_ANALYZER_NONNULL = YES;
				CLANG_ANALYZER_NUMBER_OBJECT_CONVERSION = YES_AGGRESSIVE;
				CLANG_CXX_LANGUAGE_STANDARD = "gnu++20";
				CLANG_ENABLE_MODULES = YES;
				CLANG_ENABLE_OBJC_ARC = YES;
				CLANG_ENABLE_OBJC_WEAK = YES;
				CLANG_WARN_BLOCK_CAPTURE_AUTORELEASING = YES;
				CLANG_WARN_BOOL_CONVERSION = YES;
				CLANG_WARN_COMMA = YES;
				CLANG_WARN_CONSTANT_CONVERSION = YES;
				CLANG_WARN_DEPRECATED_OBJC_IMPLEMENTATIONS = YES;
				CLANG_WARN_DIRECT_OBJC_ISA_USAGE = YES_ERROR;
				CLANG_WARN_DOCUMENTATION_COMMENTS = YES;
				CLANG_WARN_EMPTY_BODY = YES;
				CLANG_WARN_ENUM_CONVERSION = YES;
				CLANG_WARN_INFINITE_RECURSION = YES;
				CLANG_WARN_INT_CONVERSION = YES;
				CLANG_WARN_NON_LITERAL_NULL_CONVERSION = YES;
				CLANG_WARN_OBJC_IMPLICIT_RETAIN_SELF = YES;
				CLANG_WARN_OBJC_LITERAL_CONVERSION = YES;
				CLANG_WARN_OBJC_ROOT_CLASS = YES_ERROR;
				CLANG_WARN_QUOTED_INCLUDE_IN_FRAMEWORK_HEADER = YES;
				CLANG_WARN_RANGE_LOOP_ANALYSIS = YES;
				CLANG_WARN_STRICT_PROTOTYPES = YES;
				CLANG_WARN_SUSPICIOUS_MOVE = YES;
				CLANG_WARN_UNGUARDED_AVAILABILITY = YES_AGGRESSIVE;
				CLANG_WARN_UNREACHABLE_CODE = YES;
				CLANG_WARN__DUPLICATE_METHOD_MATCH = YES;
				COPY_PHASE_STRIP = NO;
				DEBUG_INFORMATION_FORMAT = dwarf;
				DEVELOPMENT_TEAM = LZR3G4ZXMV;
				ENABLE_STRICT_OBJC_MSGSEND = YES;
				ENABLE_TESTABILITY = YES;
				ENABLE_USER_SCRIPT_SANDBOXING = YES;
				GCC_C_LANGUAGE_STANDARD = gnu17;
				GCC_DYNAMIC_NO_PIC = NO;
				GCC_NO_COMMON_BLOCKS = YES;
				GCC_OPTIMIZATION_LEVEL = 0;
				GCC_PREPROCESSOR_DEFINITIONS = (
					"DEBUG=1",
					"$(inherited)",
				);
				GCC_WARN_64_TO_32_BIT_CONVERSION = YES;
				GCC_WARN_ABOUT_RETURN_TYPE = YES_ERROR;
				GCC_WARN_UNDECLARED_SELECTOR = YES;
				GCC_WARN_UNINITIALIZED_AUTOS = YES_AGGRESSIVE;
				GCC_WARN_UNUSED_FUNCTION = YES;
				GCC_WARN_UNUSED_VARIABLE = YES;
				IPHONEOS_DEPLOYMENT_TARGET = 26.2;
				LOCALIZATION_PREFERS_STRING_CATALOGS = YES;
				MTL_ENABLE_DEBUG_INFO = INCLUDE_SOURCE;
				MTL_FAST_MATH = YES;
				ONLY_ACTIVE_ARCH = YES;
				SDKROOT = iphoneos;
				SWIFT_ACTIVE_COMPILATION_CONDITIONS = "DEBUG $(inherited)";
				SWIFT_OPTIMIZATION_LEVEL = "-Onone";
			};
			name = Debug;
		};
		931DBE962F62249B00B7CA0C /* Release */ = {
			isa = XCBuildConfiguration;
			buildSettings = {
				ALWAYS_SEARCH_USER_PATHS = NO;
				ASSETCATALOG_COMPILER_GENERATE_SWIFT_ASSET_SYMBOL_EXTENSIONS = YES;
				CLANG_ANALYZER_NONNULL = YES;
				CLANG_ANALYZER_NUMBER_OBJECT_CONVERSION = YES_AGGRESSIVE;
				CLANG_CXX_LANGUAGE_STANDARD = "gnu++20";
				CLANG_ENABLE_MODULES = YES;
				CLANG_ENABLE_OBJC_ARC = YES;
				CLANG_ENABLE_OBJC_WEAK = YES;
				CLANG_WARN_BLOCK_CAPTURE_AUTORELEASING = YES;
				CLANG_WARN_BOOL_CONVERSION = YES;
				CLANG_WARN_COMMA = YES;
				CLANG_WARN_CONSTANT_CONVERSION = YES;
				CLANG_WARN_DEPRECATED_OBJC_IMPLEMENTATIONS = YES;
				CLANG_WARN_DIRECT_OBJC_ISA_USAGE = YES_ERROR;
				CLANG_WARN_DOCUMENTATION_COMMENTS = YES;
				CLANG_WARN_EMPTY_BODY = YES;
				CLANG_WARN_ENUM_CONVERSION = YES;
				CLANG_WARN_INFINITE_RECURSION = YES;
				CLANG_WARN_INT_CONVERSION = YES;
				CLANG_WARN_NON_LITERAL_NULL_CONVERSION = YES;
				CLANG_WARN_OBJC_IMPLICIT_RETAIN_SELF = YES;
				CLANG_WARN_OBJC_LITERAL_CONVERSION = YES;
				CLANG_WARN_OBJC_ROOT_CLASS = YES_ERROR;
				CLANG_WARN_QUOTED_INCLUDE_IN_FRAMEWORK_HEADER = YES;
				CLANG_WARN_RANGE_LOOP_ANALYSIS = YES;
				CLANG_WARN_STRICT_PROTOTYPES = YES;
				CLANG_WARN_SUSPICIOUS_MOVE = YES;
				CLANG_WARN_UNGUARDED_AVAILABILITY = YES_AGGRESSIVE;
				CLANG_WARN_UNREACHABLE_CODE = YES;
				CLANG_WARN__DUPLICATE_METHOD_MATCH = YES;
				COPY_PHASE_STRIP = NO;
				DEBUG_INFORMATION_FORMAT = "dwarf-with-dsym";
				DEVELOPMENT_TEAM = LZR3G4ZXMV;
				ENABLE_NS_ASSERTIONS = NO;
				ENABLE_STRICT_OBJC_MSGSEND = YES;
				ENABLE_USER_SCRIPT_SANDBOXING = YES;
				GCC_C_LANGUAGE_STANDARD = gnu17;
				GCC_NO_COMMON_BLOCKS = YES;
				GCC_WARN_64_TO_32_BIT_CONVERSION = YES;
				GCC_WARN_ABOUT_RETURN_TYPE = YES_ERROR;
				GCC_WARN_UNDECLARED_SELECTOR = YES;
				GCC_WARN_UNINITIALIZED_AUTOS = YES_AGGRESSIVE;
				GCC_WARN_UNUSED_FUNCTION = YES;
				GCC_WARN_UNUSED_VARIABLE = YES;
				IPHONEOS_DEPLOYMENT_TARGET = 26.2;
				LOCALIZATION_PREFERS_STRING_CATALOGS = YES;
				MTL_ENABLE_DEBUG_INFO = NO;
				MTL_FAST_MATH = YES;
				SDKROOT = iphoneos;
				SWIFT_COMPILATION_MODE = wholemodule;
				VALIDATE_PRODUCT = YES;
			};
			name = Release;
		};
		931DBE982F62249B00B7CA0C /* Debug */ = {
			isa = XCBuildConfiguration;
			buildSettings = {
				ASSETCATALOG_COMPILER_APPICON_NAME = AppIcon;
				ASSETCATALOG_COMPILER_GLOBAL_ACCENT_COLOR_NAME = AccentColor;
				CODE_SIGN_STYLE = Automatic;
				CURRENT_PROJECT_VERSION = 1;
				DEVELOPMENT_TEAM = LZR3G4ZXMV;
				ENABLE_PREVIEWS = YES;
				GENERATE_INFOPLIST_FILE = YES;
				INFOPLIST_KEY_UIApplicationSceneManifest_Generation = YES;
				INFOPLIST_KEY_UIApplicationSupportsIndirectInputEvents = YES;
				INFOPLIST_KEY_UILaunchScreen_Generation = YES;
				INFOPLIST_KEY_UISupportedInterfaceOrientations_iPad = "UIInterfaceOrientationPortrait UIInterfaceOrientationPortraitUpsideDown UIInterfaceOrientationLandscapeLeft UIInterfaceOrientationLandscapeRight";
				INFOPLIST_KEY_UISupportedInterfaceOrientations_iPhone = "UIInterfaceOrientationPortrait UIInterfaceOrientationLandscapeLeft UIInterfaceOrientationLandscapeRight";
				LD_RUNPATH_SEARCH_PATHS = (
					"$(inherited)",
					"@executable_path/Frameworks",
				);
				MARKETING_VERSION = 1.0;
				PRODUCT_BUNDLE_IDENTIFIER = Baranda.MiHorno3;
				PRODUCT_NAME = "$(TARGET_NAME)";
				STRING_CATALOG_GENERATE_SYMBOLS = YES;
				SWIFT_APPROACHABLE_CONCURRENCY = YES;
				SWIFT_DEFAULT_ACTOR_ISOLATION = MainActor;
				SWIFT_EMIT_LOC_STRINGS = YES;
				SWIFT_UPCOMING_FEATURE_MEMBER_IMPORT_VISIBILITY = YES;
				SWIFT_VERSION = 5.0;
				TARGETED_DEVICE_FAMILY = "1,2";
			};
			name = Debug;
		};
		931DBE992F62249B00B7CA0C /* Release */ = {
			isa = XCBuildConfiguration;
			buildSettings = {
				ASSETCATALOG_COMPILER_APPICON_NAME = AppIcon;
				ASSETCATALOG_COMPILER_GLOBAL_ACCENT_COLOR_NAME = AccentColor;
				CODE_SIGN_STYLE = Automatic;
				CURRENT_PROJECT_VERSION = 1;
				DEVELOPMENT_TEAM = LZR3G4ZXMV;
				ENABLE_PREVIEWS = YES;
				GENERATE_INFOPLIST_FILE = YES;
				INFOPLIST_KEY_UIApplicationSceneManifest_Generation = YES;
				INFOPLIST_KEY_UIApplicationSupportsIndirectInputEvents = YES;
				INFOPLIST_KEY_UILaunchScreen_Generation = YES;
				INFOPLIST_KEY_UISupportedInterfaceOrientations_iPad = "UIInterfaceOrientationPortrait UIInterfaceOrientationPortraitUpsideDown UIInterfaceOrientationLandscapeLeft UIInterfaceOrientationLandscapeRight";
				INFOPLIST_KEY_UISupportedInterfaceOrientations_iPhone = "UIInterfaceOrientationPortrait UIInterfaceOrientationLandscapeLeft UIInterfaceOrientationLandscapeRight";
				LD_RUNPATH_SEARCH_PATHS = (
					"$(inherited)",
					"@executable_path/Frameworks",
				);
				MARKETING_VERSION = 1.0;
				PRODUCT_BUNDLE_IDENTIFIER = Baranda.MiHorno3;
				PRODUCT_NAME = "$(TARGET_NAME)";
				STRING_CATALOG_GENERATE_SYMBOLS = YES;
				SWIFT_APPROACHABLE_CONCURRENCY = YES;
				SWIFT_DEFAULT_ACTOR_ISOLATION = MainActor;
				SWIFT_EMIT_LOC_STRINGS = YES;
				SWIFT_UPCOMING_FEATURE_MEMBER_IMPORT_VISIBILITY = YES;
				SWIFT_VERSION = 5.0;
				TARGETED_DEVICE_FAMILY = "1,2";
			};
			name = Release;
		};
		931DBE9B2F62249B00B7CA0C /* Debug */ = {
			isa = XCBuildConfiguration;
			buildSettings = {
				BUNDLE_LOADER = "$(TEST_HOST)";
				CODE_SIGN_STYLE = Automatic;
				CURRENT_PROJECT_VERSION = 1;
				DEVELOPMENT_TEAM = LZR3G4ZXMV;
				GENERATE_INFOPLIST_FILE = YES;
				IPHONEOS_DEPLOYMENT_TARGET = 26.2;
				MARKETING_VERSION = 1.0;
				PRODUCT_BUNDLE_IDENTIFIER = Baranda.MiHorno3Tests;
				PRODUCT_NAME = "$(TARGET_NAME)";
				STRING_CATALOG_GENERATE_SYMBOLS = NO;
				SWIFT_APPROACHABLE_CONCURRENCY = YES;
				SWIFT_EMIT_LOC_STRINGS = NO;
				SWIFT_UPCOMING_FEATURE_MEMBER_IMPORT_VISIBILITY = YES;
				SWIFT_VERSION = 5.0;
				TARGETED_DEVICE_FAMILY = "1,2";
				TEST_HOST = "$(BUILT_PRODUCTS_DIR)/MiHorno3.app/$(BUNDLE_EXECUTABLE_FOLDER_PATH)/MiHorno3";
			};
			name = Debug;
		};
		931DBE9C2F62249B00B7CA0C /* Release */ = {
			isa = XCBuildConfiguration;
			buildSettings = {
				BUNDLE_LOADER = "$(TEST_HOST)";
				CODE_SIGN_STYLE = Automatic;
				CURRENT_PROJECT_VERSION = 1;
				DEVELOPMENT_TEAM = LZR3G4ZXMV;
				GENERATE_INFOPLIST_FILE = YES;
				IPHONEOS_DEPLOYMENT_TARGET = 26.2;
				MARKETING_VERSION = 1.0;
				PRODUCT_BUNDLE_IDENTIFIER = Baranda.MiHorno3Tests;
				PRODUCT_NAME = "$(TARGET_NAME)";
				STRING_CATALOG_GENERATE_SYMBOLS = NO;
				SWIFT_APPROACHABLE_CONCURRENCY = YES;
				SWIFT_EMIT_LOC_STRINGS = NO;
				SWIFT_UPCOMING_FEATURE_MEMBER_IMPORT_VISIBILITY = YES;
				SWIFT_VERSION = 5.0;
				TARGETED_DEVICE_FAMILY = "1,2";
				TEST_HOST = "$(BUILT_PRODUCTS_DIR)/MiHorno3.app/$(BUNDLE_EXECUTABLE_FOLDER_PATH)/MiHorno3";
			};
			name = Release;
		};
		931DBE9E2F62249B00B7CA0C /* Debug */ = {
			isa = XCBuildConfiguration;
			buildSettings = {
				CODE_SIGN_STYLE = Automatic;
				CURRENT_PROJECT_VERSION = 1;
				DEVELOPMENT_TEAM = LZR3G4ZXMV;
				GENERATE_INFOPLIST_FILE = YES;
				MARKETING_VERSION = 1.0;
				PRODUCT_BUNDLE_IDENTIFIER = Baranda.MiHorno3UITests;
				PRODUCT_NAME = "$(TARGET_NAME)";
				STRING_CATALOG_GENERATE_SYMBOLS = NO;
				SWIFT_APPROACHABLE_CONCURRENCY = YES;
				SWIFT_EMIT_LOC_STRINGS = NO;
				SWIFT_UPCOMING_FEATURE_MEMBER_IMPORT_VISIBILITY = YES;
				SWIFT_VERSION = 5.0;
				TARGETED_DEVICE_FAMILY = "1,2";
				TEST_TARGET_NAME = MiHorno3;
			};
			name = Debug;
		};
		931DBE9F2F62249B00B7CA0C /* Release */ = {
			isa = XCBuildConfiguration;
			buildSettings = {
				CODE_SIGN_STYLE = Automatic;
				CURRENT_PROJECT_VERSION = 1;
				DEVELOPMENT_TEAM = LZR3G4ZXMV;
				GENERATE_INFOPLIST_FILE = YES;
				MARKETING_VERSION = 1.0;
				PRODUCT_BUNDLE_IDENTIFIER = Baranda.MiHorno3UITests;
				PRODUCT_NAME = "$(TARGET_NAME)";
				STRING_CATALOG_GENERATE_SYMBOLS = NO;
				SWIFT_APPROACHABLE_CONCURRENCY = YES;
				SWIFT_EMIT_LOC_STRINGS = NO;
				SWIFT_UPCOMING_FEATURE_MEMBER_IMPORT_VISIBILITY = YES;
				SWIFT_VERSION = 5.0;
				TARGETED_DEVICE_FAMILY = "1,2";
				TEST_TARGET_NAME = MiHorno3;
			};
			name = Release;
		};
/* End XCBuildConfiguration section */

/* Begin XCConfigurationList section */
		931DBE712F62249A00B7CA0C /* Build configuration list for PBXProject "MiHorno3" */ = {
			isa = XCConfigurationList;
			buildConfigurations = (
				931DBE952F62249B00B7CA0C /* Debug */,
				931DBE962F62249B00B7CA0C /* Release */,
			);
			defaultConfigurationIsVisible = 0;
			defaultConfigurationName = Release;
		};
		931DBE972F62249B00B7CA0C /* Build configuration list for PBXNativeTarget "MiHorno3" */ = {
			isa = XCConfigurationList;
			buildConfigurations = (
				931DBE982F62249B00B7CA0C /* Debug */,
				931DBE992F62249B00B7CA0C /* Release */,
			);
			defaultConfigurationIsVisible = 0;
			defaultConfigurationName = Release;
		};
		931DBE9A2F62249B00B7CA0C /* Build configuration list for PBXNativeTarget "MiHorno3Tests" */ = {
			isa = XCConfigurationList;
			buildConfigurations = (
				931DBE9B2F62249B00B7CA0C /* Debug */,
				931DBE9C2F62249B00B7CA0C /* Release */,
			);
			defaultConfigurationIsVisible = 0;
			defaultConfigurationName = Release;
		};
		931DBE9D2F62249B00B7CA0C /* Build configuration list for PBXNativeTarget "MiHorno3UITests" */ = {
			isa = XCConfigurationList;
			buildConfigurations = (
				931DBE9E2F62249B00B7CA0C /* Debug */,
				931DBE9F2F62249B00B7CA0C /* Release */,
			);
			defaultConfigurationIsVisible = 0;
			defaultConfigurationName = Release;
		};
/* End XCConfigurationList section */
	};
	rootObject = 931DBE6E2F62249A00B7CA0C /* Project object */;
}
